
Microsoft Visual Studio Solution File, Format Version 12.00
# Visual Studio 15
VisualStudioVersion = 15.0.28307.779
MinimumVisualStudioVersion = 10.0.40219.1
Project("{FAE04EC0-301F-11D3-BF4B-00C04F79EFBC}") = "MVCLab", "MVCLab\MVCLab.csproj", "{4224D0D6-C78F-4B01-9C80-5B9F7F7000BC}"
EndProject
Global
	GlobalSection(SolutionConfigurationPlatforms) = preSolution
		Debug|Any CPU = Debug|Any CPU
		Release|Any CPU = Release|Any CPU
	EndGlobalSection
	GlobalSection(ProjectConfigurationPlatforms) = postSolution
		{4224D0D6-C78F-4B01-9C80-5B9F7F7000BC}.Debug|Any CPU.ActiveCfg = Debug|Any CPU
		{4224D0D6-C78F-4B01-9C80-5B9F7F7000BC}.Debug|Any CPU.Build.0 = Debug|Any CPU
		{4224D0D6-C78F-4B01-9C80-5B9F7F7000BC}.Release|Any CPU.ActiveCfg = Release|Any CPU
		{4224D0D6-C78F-4B01-9C80-5B9F7F7000BC}.Release|Any CPU.Build.0 = Release|Any CPU
	EndGlobalSection
	GlobalSection(SolutionProperties) = preSolution
		HideSolutionNode = FALSE
	EndGlobalSection
	GlobalSection(ExtensibilityGlobals) = postSolution
		SolutionGuid = {7C16CC5C-B8B3-4862-A641-3A1618347014}
	EndGlobalSection
EndGlobal
